
Microsoft Visual Studio Solution File, Format Version 12.00
# Visual Studio Version 17
VisualStudioVersion = 17.8.34525.116
MinimumVisualStudioVersion = 10.0.40219.1
Project("{8BC9CEB8-8B4A-11D0-8D11-00A0C91BC942}") = "OOP - PRAKTIKUM 6", "OOP - PRAKTIKUM 6.vcxproj", "{7EE828AA-0E8B-469E-9BCD-DCCEA4C18D92}"
EndProject
Global
	GlobalSection(SolutionConfigurationPlatforms) = preSolution
		Debug|x64 = Debug|x64
		Debug|x86 = Debug|x86
		Release|x64 = Release|x64
		Release|x86 = Release|x86
	EndGlobalSection
	GlobalSection(ProjectConfigurationPlatforms) = postSolution
		{7EE828AA-0E8B-469E-9BCD-DCCEA4C18D92}.Debug|x64.ActiveCfg = Debug|x64
		{7EE828AA-0E8B-469E-9BCD-DCCEA4C18D92}.Debug|x64.Build.0 = Debug|x64
		{7EE828AA-0E8B-469E-9BCD-DCCEA4C18D92}.Debug|x86.ActiveCfg = Debug|Win32
		{7EE828AA-0E8B-469E-9BCD-DCCEA4C18D92}.Debug|x86.Build.0 = Debug|Win32
		{7EE828AA-0E8B-469E-9BCD-DCCEA4C18D92}.Release|x64.ActiveCfg = Release|x64
		{7EE828AA-0E8B-469E-9BCD-DCCEA4C18D92}.Release|x64.Build.0 = Release|x64
		{7EE828AA-0E8B-469E-9BCD-DCCEA4C18D92}.Release|x86.ActiveCfg = Release|Win32
		{7EE828AA-0E8B-469E-9BCD-DCCEA4C18D92}.Release|x86.Build.0 = Release|Win32
	EndGlobalSection
	GlobalSection(SolutionProperties) = preSolution
		HideSolutionNode = FALSE
	EndGlobalSection
	GlobalSection(ExtensibilityGlobals) = postSolution
		SolutionGuid = {FA7B4A95-9677-4F76-8107-1C5429B866DE}
	EndGlobalSection
EndGlobal
